
Microsoft Visual Studio Solution File, Format Version 12.00
# Visual Studio Version 16
VisualStudioVersion = 16.0.29209.62
MinimumVisualStudioVersion = 10.0.40219.1
Project("{FAE04EC0-301F-11D3-BF4B-00C04F79EFBC}") = "WebAppFSIS", "WebAppFSIS\WebAppFSIS.csproj", "{CBAAE332-1632-4A66-BEB0-36C66FBF1042}"
EndProject
Project("{FAE04EC0-301F-11D3-BF4B-00C04F79EFBC}") = "FSISSystem", "FSISSystem\FSISSystem.csproj", "{63776F4E-7480-42BD-A638-71E0394BCF8B}"
EndProject
Global
	GlobalSection(SolutionConfigurationPlatforms) = preSolution
		Debug|Any CPU = Debug|Any CPU
		Release|Any CPU = Release|Any CPU
	EndGlobalSection
	GlobalSection(ProjectConfigurationPlatforms) = postSolution
		{CBAAE332-1632-4A66-BEB0-36C66FBF1042}.Debug|Any CPU.ActiveCfg = Debug|Any CPU
		{CBAAE332-1632-4A66-BEB0-36C66FBF1042}.Debug|Any CPU.Build.0 = Debug|Any CPU
		{CBAAE332-1632-4A66-BEB0-36C66FBF1042}.Release|Any CPU.ActiveCfg = Release|Any CPU
		{CBAAE332-1632-4A66-BEB0-36C66FBF1042}.Release|Any CPU.Build.0 = Release|Any CPU
		{63776F4E-7480-42BD-A638-71E0394BCF8B}.Debug|Any CPU.ActiveCfg = Debug|Any CPU
		{63776F4E-7480-42BD-A638-71E0394BCF8B}.Debug|Any CPU.Build.0 = Debug|Any CPU
		{63776F4E-7480-42BD-A638-71E0394BCF8B}.Release|Any CPU.ActiveCfg = Release|Any CPU
		{63776F4E-7480-42BD-A638-71E0394BCF8B}.Release|Any CPU.Build.0 = Release|Any CPU
	EndGlobalSection
	GlobalSection(SolutionProperties) = preSolution
		HideSolutionNode = FALSE
	EndGlobalSection
	GlobalSection(ExtensibilityGlobals) = postSolution
		SolutionGuid = {44968C97-DDDE-4E6B-9949-5632B475C48D}
	EndGlobalSection
EndGlobal
